
Microsoft Visual Studio Solution File, Format Version 12.00
# Visual Studio 15
VisualStudioVersion = 15.0.28307.902
MinimumVisualStudioVersion = 10.0.40219.1
Project("{FAE04EC0-301F-11D3-BF4B-00C04F79EFBC}") = "AustinSamples", "AustinSamples\AustinSamples.csproj", "{A545235B-9870-4F8D-8A21-6C4FFA951361}"
EndProject
Global
	GlobalSection(SolutionConfigurationPlatforms) = preSolution
		Debug|Any CPU = Debug|Any CPU
		Release|Any CPU = Release|Any CPU
	EndGlobalSection
	GlobalSection(ProjectConfigurationPlatforms) = postSolution
		{A545235B-9870-4F8D-8A21-6C4FFA951361}.Debug|Any CPU.ActiveCfg = Debug|Any CPU
		{A545235B-9870-4F8D-8A21-6C4FFA951361}.Debug|Any CPU.Build.0 = Debug|Any CPU
		{A545235B-9870-4F8D-8A21-6C4FFA951361}.Release|Any CPU.ActiveCfg = Release|Any CPU
		{A545235B-9870-4F8D-8A21-6C4FFA951361}.Release|Any CPU.Build.0 = Release|Any CPU
	EndGlobalSection
	GlobalSection(SolutionProperties) = preSolution
		HideSolutionNode = FALSE
	EndGlobalSection
	GlobalSection(ExtensibilityGlobals) = postSolution
		SolutionGuid = {7A6EF69D-6293-4DE3-8307-D70DCF38C325}
	EndGlobalSection
EndGlobal
